PODS:
  - Flutter (1.0.0)
  - FlutterPluginRegistrant (0.0.1):
    - Flutter

DEPENDENCIES:
  - Flutter (from `../flutter_module/packages/app/.ios/Flutter`)
  - FlutterPluginRegistrant (from `../flutter_module/packages/app/.ios/Flutter/FlutterPluginRegistrant`)

EXTERNAL SOURCES:
  Flutter:
    :path: "../flutter_module/packages/app/.ios/Flutter"
  FlutterPluginRegistrant:
    :path: "../flutter_module/packages/app/.ios/Flutter/FlutterPluginRegistrant"

SPEC CHECKSUMS:
  Flutter: e0871f40cf51350855a761d2e70bf5af5b9b5de7
  FlutterPluginRegistrant: 0b732256b4829f9783c18c68e2f9adacc1536955

PODFILE CHECKSUM: 7ddec8f5977a9fe02b758f1ce3a06b2b1f4674fb

COCOAPODS: 1.15.2
